// !$*UTF8*$!
{
	archiveVersion = 1;
	classes = {
	};
	objectVersion = 55;
	objects = {

/* Begin PBXBuildFile section */
		9A2058E2282EB99500F8E165 /* NanoChallengeMichelleApp.swift in Sources */ = {isa = PBXBuildFile; fileRef = 9A2058E1282EB99500F8E165 /* NanoChallengeMichelleApp.swift */; };
		9A2058E4282EB99500F8E165 /* ContentView.swift in Sources */ = {isa = PBXBuildFile; fileRef = 9A2058E3282EB99500F8E165 /* ContentView.swift */; };
		9A2058E6282EB99600F8E165 /* Assets.xcassets in Resources */ = {isa = PBXBuildFile; fileRef = 9A2058E5282EB99600F8E165 /* Assets.xcassets */; };
		9A2058E9282EB99600F8E165 /* Preview Assets.xcassets in Resources */ = {isa = PBXBuildFile; fileRef = 9A2058E8282EB99600F8E165 /* Preview Assets.xcassets */; };
		9A2058F3282EB99600F8E165 /* NanoChallengeMichelleTests.swift in Sources */ = {isa = PBXBuildFile; fileRef = 9A2058F2282EB99600F8E165 /* NanoChallengeMichelleTests.swift */; };
		9A2058FD282EB99600F8E165 /* NanoChallengeMichelleUITests.swift in Sources */ = {isa = PBXBuildFile; fileRef = 9A2058FC282EB99600F8E165 /* NanoChallengeMichelleUITests.swift */; };
		9A2058FF282EB99600F8E165 /* NanoChallengeMichelleUITestsLaunchTests.swift in Sources */ = {isa = PBXBuildFile; fileRef = 9A2058FE282EB99600F8E165 /* NanoChallengeMichelleUITestsLaunchTests.swift */; };
		9A20590C282EBA6F00F8E165 /* ReportView.swift in Sources */ = {isa = PBXBuildFile; fileRef = 9A20590B282EBA6F00F8E165 /* ReportView.swift */; };
		9A20590E282EBA8100F8E165 /* GenerateView.swift in Sources */ = {isa = PBXBuildFile; fileRef = 9A20590D282EBA8100F8E165 /* GenerateView.swift */; };
		9A205910282EBA8E00F8E165 /* TransactionView.swift in Sources */ = {isa = PBXBuildFile; fileRef = 9A20590F282EBA8E00F8E165 /* TransactionView.swift */; };
		9A205914282EBC1800F8E165 /* MediumPieView.swift in Sources */ = {isa = PBXBuildFile; fileRef = 9A205913282EBC1800F8E165 /* MediumPieView.swift */; };
		9A205916282EBC2400F8E165 /* PieSliceView.swift in Sources */ = {isa = PBXBuildFile; fileRef = 9A205915282EBC2400F8E165 /* PieSliceView.swift */; };
		9A20591A282EBCAC00F8E165 /* ResultGenerateView.swift in Sources */ = {isa = PBXBuildFile; fileRef = 9A205919282EBCAC00F8E165 /* ResultGenerateView.swift */; };
		9A20591C282EBDE300F8E165 /* AddReportView.swift in Sources */ = {isa = PBXBuildFile; fileRef = 9A20591B282EBDE300F8E165 /* AddReportView.swift */; };
		9A20591E282EBF3A00F8E165 /* ReportListCell.swift in Sources */ = {isa = PBXBuildFile; fileRef = 9A20591D282EBF3A00F8E165 /* ReportListCell.swift */; };
		9A205920282EC09200F8E165 /* ReportListViewModel.swift in Sources */ = {isa = PBXBuildFile; fileRef = 9A20591F282EC09200F8E165 /* ReportListViewModel.swift */; };
		9A205924282EC16100F8E165 /* Persistence.swift in Sources */ = {isa = PBXBuildFile; fileRef = 9A205923282EC16100F8E165 /* Persistence.swift */; };
		9A205927282EC1A700F8E165 /* CD_CRUD_MVVM.xcdatamodeld in Sources */ = {isa = PBXBuildFile; fileRef = 9A205925282EC1A700F8E165 /* CD_CRUD_MVVM.xcdatamodeld */; };
/* End PBXBuildFile section */

/* Begin PBXContainerItemProxy section */
		9A2058EF282EB99600F8E165 /* PBXContainerItemProxy */ = {
			isa = PBXContainerItemProxy;
			containerPortal = 9A2058D6282EB99500F8E165 /* Project object */;
			proxyType = 1;
			remoteGlobalIDString = 9A2058DD282EB99500F8E165;
			remoteInfo = NanoChallengeMichelle;
		};
		9A2058F9282EB99600F8E165 /* PBXContainerItemProxy */ = {
			isa = PBXContainerItemProxy;
			containerPortal = 9A2058D6282EB99500F8E165 /* Project object */;
			proxyType = 1;
			remoteGlobalIDString = 9A2058DD282EB99500F8E165;
			remoteInfo = NanoChallengeMichelle;
		};
/* End PBXContainerItemProxy section */

/* Begin PBXFileReference section */
		9A2058DE282EB99500F8E165 /* NanoChallengeMichelle.app */ = {isa = PBXFileReference; explicitFileType = wrapper.application; includeInIndex = 0; path = NanoChallengeMichelle.app; sourceTree = BUILT_PRODUCTS_DIR; };
		9A2058E1282EB99500F8E165 /* NanoChallengeMichelleApp.swift */ = {isa = PBXFileReference; lastKnownFileType = sourcecode.swift; path = NanoChallengeMichelleApp.swift; sourceTree = "<group>"; };
		9A2058E3282EB99500F8E165 /* ContentView.swift */ = {isa = PBXFileReference; lastKnownFileType = sourcecode.swift; path = ContentView.swift; sourceTree = "<group>"; };
		9A2058E5282EB99600F8E165 /* Assets.xcassets */ = {isa = PBXFileReference; lastKnownFileType = folder.assetcatalog; path = Assets.xcassets; sourceTree = "<group>"; };
		9A2058E8282EB99600F8E165 /* Preview Assets.xcassets */ = {isa = PBXFileReference; lastKnownFileType = folder.assetcatalog; path = "Preview Assets.xcassets"; sourceTree = "<group>"; };
		9A2058EE282EB99600F8E165 /* NanoChallengeMichelleTests.xctest */ = {isa = PBXFileReference; explicitFileType = wrapper.cfbundle; includeInIndex = 0; path = NanoChallengeMichelleTests.xctest; sourceTree = BUILT_PRODUCTS_DIR; };
		9A2058F2282EB99600F8E165 /* NanoChallengeMichelleTests.swift */ = {isa = PBXFileReference; lastKnownFileType = sourcecode.swift; path = NanoChallengeMichelleTests.swift; sourceTree = "<group>"; };
		9A2058F8282EB99600F8E165 /* NanoChallengeMichelleUITests.xctest */ = {isa = PBXFileReference; explicitFileType = wrapper.cfbundle; includeInIndex = 0; path = NanoChallengeMichelleUITests.xctest; sourceTree = BUILT_PRODUCTS_DIR; };
		9A2058FC282EB99600F8E165 /* NanoChallengeMichelleUITests.swift */ = {isa = PBXFileReference; lastKnownFileType = sourcecode.swift; path = NanoChallengeMichelleUITests.swift; sourceTree = "<group>"; };
		9A2058FE282EB99600F8E165 /* NanoChallengeMichelleUITestsLaunchTests.swift */ = {isa = PBXFileReference; lastKnownFileType = sourcecode.swift; path = NanoChallengeMichelleUITestsLaunchTests.swift; sourceTree = "<group>"; };
		9A20590B282EBA6F00F8E165 /* ReportView.swift */ = {isa = PBXFileReference; lastKnownFileType = sourcecode.swift; path = ReportView.swift; sourceTree = "<group>"; };
		9A20590D282EBA8100F8E165 /* GenerateView.swift */ = {isa = PBXFileReference; lastKnownFileType = sourcecode.swift; path = GenerateView.swift; sourceTree = "<group>"; };
		9A20590F282EBA8E00F8E165 /* TransactionView.swift */ = {isa = PBXFileReference; lastKnownFileType = sourcecode.swift; path = TransactionView.swift; sourceTree = "<group>"; };
		9A205913282EBC1800F8E165 /* MediumPieView.swift */ = {isa = PBXFileReference; lastKnownFileType = sourcecode.swift; path = MediumPieView.swift; sourceTree = "<group>"; };
		9A205915282EBC2400F8E165 /* PieSliceView.swift */ = {isa = PBXFileReference; lastKnownFileType = sourcecode.swift; path = PieSliceView.swift; sourceTree = "<group>"; };
		9A205919282EBCAC00F8E165 /* ResultGenerateView.swift */ = {isa = PBXFileReference; lastKnownFileType = sourcecode.swift; path = ResultGenerateView.swift; sourceTree = "<group>"; };
		9A20591B282EBDE300F8E165 /* AddReportView.swift */ = {isa = PBXFileReference; lastKnownFileType = sourcecode.swift; path = AddReportView.swift; sourceTree = "<group>"; };
		9A20591D282EBF3A00F8E165 /* ReportListCell.swift */ = {isa = PBXFileReference; lastKnownFileType = sourcecode.swift; path = ReportListCell.swift; sourceTree = "<group>"; };
		9A20591F282EC09200F8E165 /* ReportListViewModel.swift */ = {isa = PBXFileReference; lastKnownFileType = sourcecode.swift; path = ReportListViewModel.swift; sourceTree = "<group>"; };
		9A205923282EC16100F8E165 /* Persistence.swift */ = {isa = PBXFileReference; lastKnownFileType = sourcecode.swift; path = Persistence.swift; sourceTree = "<group>"; };
		9A205926282EC1A700F8E165 /* CD_CRUD_MVVM.xcdatamodel */ = {isa = PBXFileReference; lastKnownFileType = wrapper.xcdatamodel; path = CD_CRUD_MVVM.xcdatamodel; sourceTree = "<group>"; };
/* End PBXFileReference section */

/* Begin PBXFrameworksBuildPhase section */
		9A2058DB282EB99500F8E165 /* Frameworks */ = {
			isa = PBXFrameworksBuildPhase;
			buildActionMask = 2147483647;
			files = (
			);
			runOnlyForDeploymentPostprocessing = 0;
		};
		9A2058EB282EB99600F8E165 /* Frameworks */ = {
			isa = PBXFrameworksBuildPhase;
			buildActionMask = 2147483647;
			files = (
			);
			runOnlyForDeploymentPostprocessing = 0;
		};
		9A2058F5282EB99600F8E165 /* Frameworks */ = {
			isa = PBXFrameworksBuildPhase;
			buildActionMask = 2147483647;
			files = (
			);
			runOnlyForDeploymentPostprocessing = 0;
		};
/* End PBXFrameworksBuildPhase section */

/* Begin PBXGroup section */
		9A2058D5282EB99500F8E165 = {
			isa = PBXGroup;
			children = (
				9A2058E0282EB99500F8E165 /* NanoChallengeMichelle */,
				9A2058F1282EB99600F8E165 /* NanoChallengeMichelleTests */,
				9A2058FB282EB99600F8E165 /* NanoChallengeMichelleUITests */,
				9A2058DF282EB99500F8E165 /* Products */,
			);
			sourceTree = "<group>";
		};
		9A2058DF282EB99500F8E165 /* Products */ = {
			isa = PBXGroup;
			children = (
				9A2058DE282EB99500F8E165 /* NanoChallengeMichelle.app */,
				9A2058EE282EB99600F8E165 /* NanoChallengeMichelleTests.xctest */,
				9A2058F8282EB99600F8E165 /* NanoChallengeMichelleUITests.xctest */,
			);
			name = Products;
			sourceTree = "<group>";
		};
		9A2058E0282EB99500F8E165 /* NanoChallengeMichelle */ = {
			isa = PBXGroup;
			children = (
				9A2058E1282EB99500F8E165 /* NanoChallengeMichelleApp.swift */,
				9A2058E3282EB99500F8E165 /* ContentView.swift */,
				9A2058E5282EB99600F8E165 /* Assets.xcassets */,
				9A2058E7282EB99600F8E165 /* Preview Content */,
				9A20590B282EBA6F00F8E165 /* ReportView.swift */,
				9A20590D282EBA8100F8E165 /* GenerateView.swift */,
				9A20590F282EBA8E00F8E165 /* TransactionView.swift */,
				9A205913282EBC1800F8E165 /* MediumPieView.swift */,
				9A205915282EBC2400F8E165 /* PieSliceView.swift */,
				9A205919282EBCAC00F8E165 /* ResultGenerateView.swift */,
				9A20591B282EBDE300F8E165 /* AddReportView.swift */,
				9A20591D282EBF3A00F8E165 /* ReportListCell.swift */,
				9A20591F282EC09200F8E165 /* ReportListViewModel.swift */,
				9A205923282EC16100F8E165 /* Persistence.swift */,
				9A205925282EC1A700F8E165 /* CD_CRUD_MVVM.xcdatamodeld */,
			);
			path = NanoChallengeMichelle;
			sourceTree = "<group>";
		};
		9A2058E7282EB99600F8E165 /* Preview Content */ = {
			isa = PBXGroup;
			children = (
				9A2058E8282EB99600F8E165 /* Preview Assets.xcassets */,
			);
			path = "Preview Content";
			sourceTree = "<group>";
		};
		9A2058F1282EB99600F8E165 /* NanoChallengeMichelleTests */ = {
			isa = PBXGroup;
			children = (
				9A2058F2282EB99600F8E165 /* NanoChallengeMichelleTests.swift */,
			);
			path = NanoChallengeMichelleTests;
			sourceTree = "<group>";
		};
		9A2058FB282EB99600F8E165 /* NanoChallengeMichelleUITests */ = {
			isa = PBXGroup;
			children = (
				9A2058FC282EB99600F8E165 /* NanoChallengeMichelleUITests.swift */,
				9A2058FE282EB99600F8E165 /* NanoChallengeMichelleUITestsLaunchTests.swift */,
			);
			path = NanoChallengeMichelleUITests;
			sourceTree = "<group>";
		};
/* End PBXGroup section */

/* Begin PBXNativeTarget section */
		9A2058DD282EB99500F8E165 /* NanoChallengeMichelle */ = {
			isa = PBXNativeTarget;
			buildConfigurationList = 9A205902282EB99600F8E165 /* Build configuration list for PBXNativeTarget "NanoChallengeMichelle" */;
			buildPhases = (
				9A2058DA282EB99500F8E165 /* Sources */,
				9A2058DB282EB99500F8E165 /* Frameworks */,
				9A2058DC282EB99500F8E165 /* Resources */,
			);
			buildRules = (
			);
			dependencies = (
			);
			name = NanoChallengeMichelle;
			productName = NanoChallengeMichelle;
			productReference = 9A2058DE282EB99500F8E165 /* NanoChallengeMichelle.app */;
			productType = "com.apple.product-type.application";
		};
		9A2058ED282EB99600F8E165 /* NanoChallengeMichelleTests */ = {
			isa = PBXNativeTarget;
			buildConfigurationList = 9A205905282EB99600F8E165 /* Build configuration list for PBXNativeTarget "NanoChallengeMichelleTests" */;
			buildPhases = (
				9A2058EA282EB99600F8E165 /* Sources */,
				9A2058EB282EB99600F8E165 /* Frameworks */,
				9A2058EC282EB99600F8E165 /* Resources */,
			);
			buildRules = (
			);
			dependencies = (
				9A2058F0282EB99600F8E165 /* PBXTargetDependency */,
			);
			name = NanoChallengeMichelleTests;
			productName = NanoChallengeMichelleTests;
			productReference = 9A2058EE282EB99600F8E165 /* NanoChallengeMichelleTests.xctest */;
			productType = "com.apple.product-type.bundle.unit-test";
		};
		9A2058F7282EB99600F8E165 /* NanoChallengeMichelleUITests */ = {
			isa = PBXNativeTarget;
			buildConfigurationList = 9A205908282EB99600F8E165 /* Build configuration list for PBXNativeTarget "NanoChallengeMichelleUITests" */;
			buildPhases = (
				9A2058F4282EB99600F8E165 /* Sources */,
				9A2058F5282EB99600F8E165 /* Frameworks */,
				9A2058F6282EB99600F8E165 /* Resources */,
			);
			buildRules = (
			);
			dependencies = (
				9A2058FA282EB99600F8E165 /* PBXTargetDependency */,
			);
			name = NanoChallengeMichelleUITests;
			productName = NanoChallengeMichelleUITests;
			productReference = 9A2058F8282EB99600F8E165 /* NanoChallengeMichelleUITests.xctest */;
			productType = "com.apple.product-type.bundle.ui-testing";
		};
/* End PBXNativeTarget section */

/* Begin PBXProject section */
		9A2058D6282EB99500F8E165 /* Project object */ = {
			isa = PBXProject;
			attributes = {
				BuildIndependentTargetsInParallel = 1;
				LastSwiftUpdateCheck = 1330;
				LastUpgradeCheck = 1330;
				TargetAttributes = {
					9A2058DD282EB99500F8E165 = {
						CreatedOnToolsVersion = 13.3.1;
					};
					9A2058ED282EB99600F8E165 = {
						CreatedOnToolsVersion = 13.3.1;
						TestTargetID = 9A2058DD282EB99500F8E165;
					};
					9A2058F7282EB99600F8E165 = {
						CreatedOnToolsVersion = 13.3.1;
						TestTargetID = 9A2058DD282EB99500F8E165;
					};
				};
			};
			buildConfigurationList = 9A2058D9282EB99500F8E165 /* Build configuration list for PBXProject "NanoChallengeMichelle" */;
			compatibilityVersion = "Xcode 13.0";
			developmentRegion = en;
			hasScannedForEncodings = 0;
			knownRegions = (
				en,
				Base,
			);
			mainGroup = 9A2058D5282EB99500F8E165;
			productRefGroup = 9A2058DF282EB99500F8E165 /* Products */;
			projectDirPath = "";
			projectRoot = "";
			targets = (
				9A2058DD282EB99500F8E165 /* NanoChallengeMichelle */,
				9A2058ED282EB99600F8E165 /* NanoChallengeMichelleTests */,
				9A2058F7282EB99600F8E165 /* NanoChallengeMichelleUITests */,
			);
		};
/* End PBXProject section */

/* Begin PBXResourcesBuildPhase section */
		9A2058DC282EB99500F8E165 /* Resources */ = {
			isa = PBXResourcesBuildPhase;
			buildActionMask = 2147483647;
			files = (
				9A2058E9282EB99600F8E165 /* Preview Assets.xcassets in Resources */,
				9A2058E6282EB99600F8E165 /* Assets.xcassets in Resources */,
			);
			runOnlyForDeploymentPostprocessing = 0;
		};
		9A2058EC282EB99600F8E165 /* Resources */ = {
			isa = PBXResourcesBuildPhase;
			buildActionMask = 2147483647;
			files = (
			);
			runOnlyForDeploymentPostprocessing = 0;
		};
		9A2058F6282EB99600F8E165 /* Resources */ = {
			isa = PBXResourcesBuildPhase;
			buildActionMask = 2147483647;
			files = (
			);
			runOnlyForDeploymentPostprocessing = 0;
		};
/* End PBXResourcesBuildPhase section */

/* Begin PBXSourcesBuildPhase section */
		9A2058DA282EB99500F8E165 /* Sources */ = {
			isa = PBXSourcesBuildPhase;
			buildActionMask = 2147483647;
			files = (
				9A20591A282EBCAC00F8E165 /* ResultGenerateView.swift in Sources */,
				9A205914282EBC1800F8E165 /* MediumPieView.swift in Sources */,
				9A2058E4282EB99500F8E165 /* ContentView.swift in Sources */,
				9A20591C282EBDE300F8E165 /* AddReportView.swift in Sources */,
				9A205916282EBC2400F8E165 /* PieSliceView.swift in Sources */,
				9A2058E2282EB99500F8E165 /* NanoChallengeMichelleApp.swift in Sources */,
				9A205924282EC16100F8E165 /* Persistence.swift in Sources */,
				9A205920282EC09200F8E165 /* ReportListViewModel.swift in Sources */,
				9A205910282EBA8E00F8E165 /* TransactionView.swift in Sources */,
				9A20590C282EBA6F00F8E165 /* ReportView.swift in Sources */,
				9A20590E282EBA8100F8E165 /* GenerateView.swift in Sources */,
				9A205927282EC1A700F8E165 /* CD_CRUD_MVVM.xcdatamodeld in Sources */,
				9A20591E282EBF3A00F8E165 /* ReportListCell.swift in Sources */,
			);
			runOnlyForDeploymentPostprocessing = 0;
		};
		9A2058EA282EB99600F8E165 /* Sources */ = {
			isa = PBXSourcesBuildPhase;
			buildActionMask = 2147483647;
			files = (
				9A2058F3282EB99600F8E165 /* NanoChallengeMichelleTests.swift in Sources */,
			);
			runOnlyForDeploymentPostprocessing = 0;
		};
		9A2058F4282EB99600F8E165 /* Sources */ = {
			isa = PBXSourcesBuildPhase;
			buildActionMask = 2147483647;
			files = (
				9A2058FD282EB99600F8E165 /* NanoChallengeMichelleUITests.swift in Sources */,
				9A2058FF282EB99600F8E165 /* NanoChallengeMichelleUITestsLaunchTests.swift in Sources */,
			);
			runOnlyForDeploymentPostprocessing = 0;
		};
/* End PBXSourcesBuildPhase section */

/* Begin PBXTargetDependency section */
		9A2058F0282EB99600F8E165 /* PBXTargetDependency */ = {
			isa = PBXTargetDependency;
			target = 9A2058DD282EB99500F8E165 /* NanoChallengeMichelle */;
			targetProxy = 9A2058EF282EB99600F8E165 /* PBXContainerItemProxy */;
		};
		9A2058FA282EB99600F8E165 /* PBXTargetDependency */ = {
			isa = PBXTargetDependency;
			target = 9A2058DD282EB99500F8E165 /* NanoChallengeMichelle */;
			targetProxy = 9A2058F9282EB99600F8E165 /* PBXContainerItemProxy */;
		};
/* End PBXTargetDependency section */

/* Begin XCBuildConfiguration section */
		9A205900282EB99600F8E165 /* Debug */ = {
			isa = XCBuildConfiguration;
			buildSettings = {
				ALWAYS_SEARCH_USER_PATHS = NO;
				CLANG_ANALYZER_NONNULL = YES;
				CLANG_ANALYZER_NUMBER_OBJECT_CONVERSION = YES_AGGRESSIVE;
				CLANG_CXX_LANGUAGE_STANDARD = "gnu++17";
				CLANG_ENABLE_MODULES = YES;
				CLANG_ENABLE_OBJC_ARC = YES;
				CLANG_ENABLE_OBJC_WEAK = YES;
				CLANG_WARN_BLOCK_CAPTURE_AUTORELEASING = YES;
				CLANG_WARN_BOOL_CONVERSION = YES;
				CLANG_WARN_COMMA = YES;
				CLANG_WARN_CONSTANT_CONVERSION = YES;
				CLANG_WARN_DEPRECATED_OBJC_IMPLEMENTATIONS = YES;
				CLANG_WARN_DIRECT_OBJC_ISA_USAGE = YES_ERROR;
				CLANG_WARN_DOCUMENTATION_COMMENTS = YES;
				CLANG_WARN_EMPTY_BODY = YES;
				CLANG_WARN_ENUM_CONVERSION = YES;
				CLANG_WARN_INFINITE_RECURSION = YES;
				CLANG_WARN_INT_CONVERSION = YES;
				CLANG_WARN_NON_LITERAL_NULL_CONVERSION = YES;
				CLANG_WARN_OBJC_IMPLICIT_RETAIN_SELF = YES;
				CLANG_WARN_OBJC_LITERAL_CONVERSION = YES;
				CLANG_WARN_OBJC_ROOT_CLASS = YES_ERROR;
				CLANG_WARN_QUOTED_INCLUDE_IN_FRAMEWORK_HEADER = YES;
				CLANG_WARN_RANGE_LOOP_ANALYSIS = YES;
				CLANG_WARN_STRICT_PROTOTYPES = YES;
				CLANG_WARN_SUSPICIOUS_MOVE = YES;
				CLANG_WARN_UNGUARDED_AVAILABILITY = YES_AGGRESSIVE;
				CLANG_WARN_UNREACHABLE_CODE = YES;
				CLANG_WARN__DUPLICATE_METHOD_MATCH = YES;
				COPY_PHASE_STRIP = NO;
				DEBUG_INFORMATION_FORMAT = dwarf;
				ENABLE_STRICT_OBJC_MSGSEND = YES;
				ENABLE_TESTABILITY = YES;
				GCC_C_LANGUAGE_STANDARD = gnu11;
				GCC_DYNAMIC_NO_PIC = NO;
				GCC_NO_COMMON_BLOCKS = YES;
				GCC_OPTIMIZATION_LEVEL = 0;
				GCC_PREPROCESSOR_DEFINITIONS = (
					"DEBUG=1",
					"$(inherited)",
				);
				GCC_WARN_64_TO_32_BIT_CONVERSION = YES;
				GCC_WARN_ABOUT_RETURN_TYPE = YES_ERROR;
				GCC_WARN_UNDECLARED_SELECTOR = YES;
				GCC_WARN_UNINITIALIZED_AUTOS = YES_AGGRESSIVE;
				GCC_WARN_UNUSED_FUNCTION = YES;
				GCC_WARN_UNUSED_VARIABLE = YES;
				IPHONEOS_DEPLOYMENT_TARGET = 15.4;
				MTL_ENABLE_DEBUG_INFO = INCLUDE_SOURCE;
				MTL_FAST_MATH = YES;
				ONLY_ACTIVE_ARCH = YES;
				SDKROOT = iphoneos;
				SWIFT_ACTIVE_COMPILATION_CONDITIONS = DEBUG;
				SWIFT_OPTIMIZATION_LEVEL = "-Onone";
			};
			name = Debug;
		};
		9A205901282EB99600F8E165 /* Release */ = {
			isa = XCBuildConfiguration;
			buildSettings = {
				ALWAYS_SEARCH_USER_PATHS = NO;
				CLANG_ANALYZER_NONNULL = YES;
				CLANG_ANALYZER_NUMBER_OBJECT_CONVERSION = YES_AGGRESSIVE;
				CLANG_CXX_LANGUAGE_STANDARD = "gnu++17";
				CLANG_ENABLE_MODULES = YES;
				CLANG_ENABLE_OBJC_ARC = YES;
				CLANG_ENABLE_OBJC_WEAK = YES;
				CLANG_WARN_BLOCK_CAPTURE_AUTORELEASING = YES;
				CLANG_WARN_BOOL_CONVERSION = YES;
				CLANG_WARN_COMMA = YES;
				CLANG_WARN_CONSTANT_CONVERSION = YES;
				CLANG_WARN_DEPRECATED_OBJC_IMPLEMENTATIONS = YES;
				CLANG_WARN_DIRECT_OBJC_ISA_USAGE = YES_ERROR;
				CLANG_WARN_DOCUMENTATION_COMMENTS = YES;
				CLANG_WARN_EMPTY_BODY = YES;
				CLANG_WARN_ENUM_CONVERSION = YES;
				CLANG_WARN_INFINITE_RECURSION = YES;
				CLANG_WARN_INT_CONVERSION = YES;
				CLANG_WARN_NON_LITERAL_NULL_CONVERSION = YES;
				CLANG_WARN_OBJC_IMPLICIT_RETAIN_SELF = YES;
				CLANG_WARN_OBJC_LITERAL_CONVERSION = YES;
				CLANG_WARN_OBJC_ROOT_CLASS = YES_ERROR;
				CLANG_WARN_QUOTED_INCLUDE_IN_FRAMEWORK_HEADER = YES;
				CLANG_WARN_RANGE_LOOP_ANALYSIS = YES;
				CLANG_WARN_STRICT_PROTOTYPES = YES;
				CLANG_WARN_SUSPICIOUS_MOVE = YES;
				CLANG_WARN_UNGUARDED_AVAILABILITY = YES_AGGRESSIVE;
				CLANG_WARN_UNREACHABLE_CODE = YES;
				CLANG_WARN__DUPLICATE_METHOD_MATCH = YES;
				COPY_PHASE_STRIP = NO;
				DEBUG_INFORMATION_FORMAT = "dwarf-with-dsym";
				ENABLE_NS_ASSERTIONS = NO;
				ENABLE_STRICT_OBJC_MSGSEND = YES;
				GCC_C_LANGUAGE_STANDARD = gnu11;
				GCC_NO_COMMON_BLOCKS = YES;
				GCC_WARN_64_TO_32_BIT_CONVERSION = YES;
				GCC_WARN_ABOUT_RETURN_TYPE = YES_ERROR;
				GCC_WARN_UNDECLARED_SELECTOR = YES;
				GCC_WARN_UNINITIALIZED_AUTOS = YES_AGGRESSIVE;
				GCC_WARN_UNUSED_FUNCTION = YES;
				GCC_WARN_UNUSED_VARIABLE = YES;
				IPHONEOS_DEPLOYMENT_TARGET = 15.4;
				MTL_ENABLE_DEBUG_INFO = NO;
				MTL_FAST_MATH = YES;
				SDKROOT = iphoneos;
				SWIFT_COMPILATION_MODE = wholemodule;
				SWIFT_OPTIMIZATION_LEVEL = "-O";
				VALIDATE_PRODUCT = YES;
			};
			name = Release;
		};
		9A205903282EB99600F8E165 /* Debug */ = {
			isa = XCBuildConfiguration;
			buildSettings = {
				ASSETCATALOG_COMPILER_APPICON_NAME = AppIcon;
				ASSETCATALOG_COMPILER_GLOBAL_ACCENT_COLOR_NAME = AccentColor;
				CODE_SIGN_STYLE = Automatic;
				CURRENT_PROJECT_VERSION = 1;
				DEVELOPMENT_ASSET_PATHS = "\"NanoChallengeMichelle/Preview Content\"";
				DEVELOPMENT_TEAM = 399XHYS84F;
				ENABLE_PREVIEWS = YES;
				GENERATE_INFOPLIST_FILE = YES;
				INFOPLIST_KEY_UIApplicationSceneManifest_Generation = YES;
				INFOPLIST_KEY_UIApplicationSupportsIndirectInputEvents = YES;
				INFOPLIST_KEY_UILaunchScreen_Generation = YES;
				INFOPLIST_KEY_UISupportedInterfaceOrientations_iPad = "UIInterfaceOrientationPortrait UIInterfaceOrientationPortraitUpsideDown UIInterfaceOrientationLandscapeLeft UIInterfaceOrientationLandscapeRight";
				INFOPLIST_KEY_UISupportedInterfaceOrientations_iPhone = "UIInterfaceOrientationPortrait UIInterfaceOrientationLandscapeLeft UIInterfaceOrientationLandscapeRight";
				LD_RUNPATH_SEARCH_PATHS = (
					"$(inherited)",
					"@executable_path/Frameworks",
				);
				MARKETING_VERSION = 1.0;
				PRODUCT_BUNDLE_IDENTIFIER = com.michelle.NanoChallengeMichelle;
				PRODUCT_NAME = "$(TARGET_NAME)";
				SWIFT_EMIT_LOC_STRINGS = YES;
				SWIFT_VERSION = 5.0;
				TARGETED_DEVICE_FAMILY = "1,2";
			};
			name = Debug;
		};
		9A205904282EB99600F8E165 /* Release */ = {
			isa = XCBuildConfiguration;
			buildSettings = {
				ASSETCATALOG_COMPILER_APPICON_NAME = AppIcon;
				ASSETCATALOG_COMPILER_GLOBAL_ACCENT_COLOR_NAME = AccentColor;
				CODE_SIGN_STYLE = Automatic;
				CURRENT_PROJECT_VERSION = 1;
				DEVELOPMENT_ASSET_PATHS = "\"NanoChallengeMichelle/Preview Content\"";
				DEVELOPMENT_TEAM = 399XHYS84F;
				ENABLE_PREVIEWS = YES;
				GENERATE_INFOPLIST_FILE = YES;
				INFOPLIST_KEY_UIApplicationSceneManifest_Generation = YES;
				INFOPLIST_KEY_UIApplicationSupportsIndirectInputEvents = YES;
				INFOPLIST_KEY_UILaunchScreen_Generation = YES;
				INFOPLIST_KEY_UISupportedInterfaceOrientations_iPad = "UIInterfaceOrientationPortrait UIInterfaceOrientationPortraitUpsideDown UIInterfaceOrientationLandscapeLeft UIInterfaceOrientationLandscapeRight";
				INFOPLIST_KEY_UISupportedInterfaceOrientations_iPhone = "UIInterfaceOrientationPortrait UIInterfaceOrientationLandscapeLeft UIInterfaceOrientationLandscapeRight";
				LD_RUNPATH_SEARCH_PATHS = (
					"$(inherited)",
					"@executable_path/Frameworks",
				);
				MARKETING_VERSION = 1.0;
				PRODUCT_BUNDLE_IDENTIFIER = com.michelle.NanoChallengeMichelle;
				PRODUCT_NAME = "$(TARGET_NAME)";
				SWIFT_EMIT_LOC_STRINGS = YES;
				SWIFT_VERSION = 5.0;
				TARGETED_DEVICE_FAMILY = "1,2";
			};
			name = Release;
		};
		9A205906282EB99600F8E165 /* Debug */ = {
			isa = XCBuildConfiguration;
			buildSettings = {
				ALWAYS_EMBED_SWIFT_STANDARD_LIBRARIES = YES;
				BUNDLE_LOADER = "$(TEST_HOST)";
				CODE_SIGN_STYLE = Automatic;
				CURRENT_PROJECT_VERSION = 1;
				DEVELOPMENT_TEAM = 399XHYS84F;
				GENERATE_INFOPLIST_FILE = YES;
				IPHONEOS_DEPLOYMENT_TARGET = 15.4;
				MARKETING_VERSION = 1.0;
				PRODUCT_BUNDLE_IDENTIFIER = com.michelle.NanoChallengeMichelleTests;
				PRODUCT_NAME = "$(TARGET_NAME)";
				SWIFT_EMIT_LOC_STRINGS = NO;
				SWIFT_VERSION = 5.0;
				TARGETED_DEVICE_FAMILY = "1,2";
				TEST_HOST = "$(BUILT_PRODUCTS_DIR)/NanoChallengeMichelle.app/NanoChallengeMichelle";
			};
			name = Debug;
		};
		9A205907282EB99600F8E165 /* Release */ = {
			isa = XCBuildConfiguration;
			buildSettings = {
				ALWAYS_EMBED_SWIFT_STANDARD_LIBRARIES = YES;
				BUNDLE_LOADER = "$(TEST_HOST)";
				CODE_SIGN_STYLE = Automatic;
				CURRENT_PROJECT_VERSION = 1;
				DEVELOPMENT_TEAM = 399XHYS84F;
				GENERATE_INFOPLIST_FILE = YES;
				IPHONEOS_DEPLOYMENT_TARGET = 15.4;
				MARKETING_VERSION = 1.0;
				PRODUCT_BUNDLE_IDENTIFIER = com.michelle.NanoChallengeMichelleTests;
				PRODUCT_NAME = "$(TARGET_NAME)";
				SWIFT_EMIT_LOC_STRINGS = NO;
				SWIFT_VERSION = 5.0;
				TARGETED_DEVICE_FAMILY = "1,2";
				TEST_HOST = "$(BUILT_PRODUCTS_DIR)/NanoChallengeMichelle.app/NanoChallengeMichelle";
			};
			name = Release;
		};
		9A205909282EB99600F8E165 /* Debug */ = {
			isa = XCBuildConfiguration;
			buildSettings = {
				ALWAYS_EMBED_SWIFT_STANDARD_LIBRARIES = YES;
				CODE_SIGN_STYLE = Automatic;
				CURRENT_PROJECT_VERSION = 1;
				DEVELOPMENT_TEAM = 399XHYS84F;
				GENERATE_INFOPLIST_FILE = YES;
				MARKETING_VERSION = 1.0;
				PRODUCT_BUNDLE_IDENTIFIER = com.michelle.NanoChallengeMichelleUITests;
				PRODUCT_NAME = "$(TARGET_NAME)";
				SWIFT_EMIT_LOC_STRINGS = NO;
				SWIFT_VERSION = 5.0;
				TARGETED_DEVICE_FAMILY = "1,2";
				TEST_TARGET_NAME = NanoChallengeMichelle;
			};
			name = Debug;
		};
		9A20590A282EB99600F8E165 /* Release */ = {
			isa = XCBuildConfiguration;
			buildSettings = {
				ALWAYS_EMBED_SWIFT_STANDARD_LIBRARIES = YES;
				CODE_SIGN_STYLE = Automatic;
				CURRENT_PROJECT_VERSION = 1;
				DEVELOPMENT_TEAM = 399XHYS84F;
				GENERATE_INFOPLIST_FILE = YES;
				MARKETING_VERSION = 1.0;
				PRODUCT_BUNDLE_IDENTIFIER = com.michelle.NanoChallengeMichelleUITests;
				PRODUCT_NAME = "$(TARGET_NAME)";
				SWIFT_EMIT_LOC_STRINGS = NO;
				SWIFT_VERSION = 5.0;
				TARGETED_DEVICE_FAMILY = "1,2";
				TEST_TARGET_NAME = NanoChallengeMichelle;
			};
			name = Release;
		};
/* End XCBuildConfiguration section */

/* Begin XCConfigurationList section */
		9A2058D9282EB99500F8E165 /* Build configuration list for PBXProject "NanoChallengeMichelle" */ = {
			isa = XCConfigurationList;
			buildConfigurations = (
				9A205900282EB99600F8E165 /* Debug */,
				9A205901282EB99600F8E165 /* Release */,
			);
			defaultConfigurationIsVisible = 0;
			defaultConfigurationName = Release;
		};
		9A205902282EB99600F8E165 /* Build configuration list for PBXNativeTarget "NanoChallengeMichelle" */ = {
			isa = XCConfigurationList;
			buildConfigurations = (
				9A205903282EB99600F8E165 /* Debug */,
				9A205904282EB99600F8E165 /* Release */,
			);
			defaultConfigurationIsVisible = 0;
			defaultConfigurationName = Release;
		};
		9A205905282EB99600F8E165 /* Build configuration list for PBXNativeTarget "NanoChallengeMichelleTests" */ = {
			isa = XCConfigurationList;
			buildConfigurations = (
				9A205906282EB99600F8E165 /* Debug */,
				9A205907282EB99600F8E165 /* Release */,
			);
			defaultConfigurationIsVisible = 0;
			defaultConfigurationName = Release;
		};
		9A205908282EB99600F8E165 /* Build configuration list for PBXNativeTarget "NanoChallengeMichelleUITests" */ = {
			isa = XCConfigurationList;
			buildConfigurations = (
				9A205909282EB99600F8E165 /* Debug */,
				9A20590A282EB99600F8E165 /* Release */,
			);
			defaultConfigurationIsVisible = 0;
			defaultConfigurationName = Release;
		};
/* End XCConfigurationList section */

/* Begin XCVersionGroup section */
		9A205925282EC1A700F8E165 /* CD_CRUD_MVVM.xcdatamodeld */ = {
			isa = XCVersionGroup;
			children = (
				9A205926282EC1A700F8E165 /* CD_CRUD_MVVM.xcdatamodel */,
			);
			currentVersion = 9A205926282EC1A700F8E165 /* CD_CRUD_MVVM.xcdatamodel */;
			path = CD_CRUD_MVVM.xcdatamodeld;
			sourceTree = "<group>";
			versionGroupType = wrapper.xcdatamodel;
		};
/* End XCVersionGroup section */
	};
	rootObject = 9A2058D6282EB99500F8E165 /* Project object */;
}
